
Microsoft Visual Studio Solution File, Format Version 12.00
# Visual Studio Version 16
VisualStudioVersion = 16.0.30717.126
MinimumVisualStudioVersion = 10.0.40219.1
Project("{FAE04EC0-301F-11D3-BF4B-00C04F79EFBC}") = "DanilaNikitinassignment4", "DanilaNikitinassignment4.csproj", "{2E20EA41-A005-4F21-850E-4CD8E317DDB8}"
EndProject
Global
	GlobalSection(SolutionConfigurationPlatforms) = preSolution
		Debug|Any CPU = Debug|Any CPU
		Release|Any CPU = Release|Any CPU
	EndGlobalSection
	GlobalSection(ProjectConfigurationPlatforms) = postSolution
		{2E20EA41-A005-4F21-850E-4CD8E317DDB8}.Debug|Any CPU.ActiveCfg = Debug|Any CPU
		{2E20EA41-A005-4F21-850E-4CD8E317DDB8}.Debug|Any CPU.Build.0 = Debug|Any CPU
		{2E20EA41-A005-4F21-850E-4CD8E317DDB8}.Release|Any CPU.ActiveCfg = Release|Any CPU
		{2E20EA41-A005-4F21-850E-4CD8E317DDB8}.Release|Any CPU.Build.0 = Release|Any CPU
	EndGlobalSection
	GlobalSection(SolutionProperties) = preSolution
		HideSolutionNode = FALSE
	EndGlobalSection
	GlobalSection(ExtensibilityGlobals) = postSolution
		SolutionGuid = {2BA7F9A7-44BC-4B23-BA38-51D7180C3343}
	EndGlobalSection
EndGlobal
